
Microsoft Visual Studio Solution File, Format Version 12.00
# Visual Studio 14
VisualStudioVersion = 14.0.25420.1
MinimumVisualStudioVersion = 10.0.40219.1
Project("{FAE04EC0-301F-11D3-BF4B-00C04F79EFBC}") = "HelloWorldd", "HelloWorldd\HelloWorldd.csproj", "{51BC9145-70F5-420F-A590-06D41581CB13}"
EndProject
Global
	GlobalSection(SolutionConfigurationPlatforms) = preSolution
		Debug|Any CPU = Debug|Any CPU
		Release|Any CPU = Release|Any CPU
	EndGlobalSection
	GlobalSection(ProjectConfigurationPlatforms) = postSolution
		{51BC9145-70F5-420F-A590-06D41581CB13}.Debug|Any CPU.ActiveCfg = Debug|Any CPU
		{51BC9145-70F5-420F-A590-06D41581CB13}.Debug|Any CPU.Build.0 = Debug|Any CPU
		{51BC9145-70F5-420F-A590-06D41581CB13}.Release|Any CPU.ActiveCfg = Release|Any CPU
		{51BC9145-70F5-420F-A590-06D41581CB13}.Release|Any CPU.Build.0 = Release|Any CPU
	EndGlobalSection
	GlobalSection(SolutionProperties) = preSolution
		HideSolutionNode = FALSE
	EndGlobalSection
EndGlobal
